
Microsoft Visual Studio Solution File, Format Version 12.00
# Visual Studio 14
VisualStudioVersion = 14.0.25420.1
MinimumVisualStudioVersion = 10.0.40219.1
Project("{FAE04EC0-301F-11D3-BF4B-00C04F79EFBC}") = "Hornet Wings", "Hornet Wings\Hornet Wings.csproj", "{F59C5F4C-869C-4CD1-867A-E3FC0CBBCD72}"
EndProject
Project("{FAE04EC0-301F-11D3-BF4B-00C04F79EFBC}") = "Hornet Comm", "Hornet Comm\Hornet Comm.csproj", "{6AB02779-1A8A-413A-A479-77A2A9FA91C8}"
EndProject
Project("{FAE04EC0-301F-11D3-BF4B-00C04F79EFBC}") = "Hornet Assault", "Hornet Assault\Hornet Assault.csproj", "{1C269EFD-B2AA-4A86-B6EC-CB1CF6BE8C82}"
EndProject
Project("{FAE04EC0-301F-11D3-BF4B-00C04F79EFBC}") = "Hornet Armada", "Hornet Armada\Hornet Armada.csproj", "{B65FE944-C986-4874-9E71-6C08F68E4CE6}"
EndProject
Global
	GlobalSection(SolutionConfigurationPlatforms) = preSolution
		Debug|Any CPU = Debug|Any CPU
		Release|Any CPU = Release|Any CPU
	EndGlobalSection
	GlobalSection(ProjectConfigurationPlatforms) = postSolution
		{F59C5F4C-869C-4CD1-867A-E3FC0CBBCD72}.Debug|Any CPU.ActiveCfg = Debug|Any CPU
		{F59C5F4C-869C-4CD1-867A-E3FC0CBBCD72}.Debug|Any CPU.Build.0 = Debug|Any CPU
		{F59C5F4C-869C-4CD1-867A-E3FC0CBBCD72}.Release|Any CPU.ActiveCfg = Release|Any CPU
		{F59C5F4C-869C-4CD1-867A-E3FC0CBBCD72}.Release|Any CPU.Build.0 = Release|Any CPU
		{6AB02779-1A8A-413A-A479-77A2A9FA91C8}.Debug|Any CPU.ActiveCfg = Debug|Any CPU
		{6AB02779-1A8A-413A-A479-77A2A9FA91C8}.Debug|Any CPU.Build.0 = Debug|Any CPU
		{6AB02779-1A8A-413A-A479-77A2A9FA91C8}.Release|Any CPU.ActiveCfg = Release|Any CPU
		{6AB02779-1A8A-413A-A479-77A2A9FA91C8}.Release|Any CPU.Build.0 = Release|Any CPU
		{1C269EFD-B2AA-4A86-B6EC-CB1CF6BE8C82}.Debug|Any CPU.ActiveCfg = Debug|Any CPU
		{1C269EFD-B2AA-4A86-B6EC-CB1CF6BE8C82}.Debug|Any CPU.Build.0 = Debug|Any CPU
		{1C269EFD-B2AA-4A86-B6EC-CB1CF6BE8C82}.Release|Any CPU.ActiveCfg = Release|Any CPU
		{1C269EFD-B2AA-4A86-B6EC-CB1CF6BE8C82}.Release|Any CPU.Build.0 = Release|Any CPU
		{B65FE944-C986-4874-9E71-6C08F68E4CE6}.Debug|Any CPU.ActiveCfg = Debug|Any CPU
		{B65FE944-C986-4874-9E71-6C08F68E4CE6}.Debug|Any CPU.Build.0 = Debug|Any CPU
		{B65FE944-C986-4874-9E71-6C08F68E4CE6}.Release|Any CPU.ActiveCfg = Release|Any CPU
		{B65FE944-C986-4874-9E71-6C08F68E4CE6}.Release|Any CPU.Build.0 = Release|Any CPU
	EndGlobalSection
	GlobalSection(SolutionProperties) = preSolution
		HideSolutionNode = FALSE
	EndGlobalSection
EndGlobal
