
Microsoft Visual Studio Solution File, Format Version 12.00
# Visual Studio 15
VisualStudioVersion = 15.0.27428.2011
MinimumVisualStudioVersion = 10.0.40219.1
Project("{FAE04EC0-301F-11D3-BF4B-00C04F79EFBC}") = "ImplementArrayList", "ImplementArrayList\ImplementArrayList.csproj", "{5F067F7D-16AA-449A-BA5A-DC94E1DFD86C}"
EndProject
Project("{FAE04EC0-301F-11D3-BF4B-00C04F79EFBC}") = "SumAndAverage", "SumAndAverage\SumAndAverage.csproj", "{A04A8B50-6F3E-4EE2-A54C-14EFBD995655}"
EndProject
Project("{FAE04EC0-301F-11D3-BF4B-00C04F79EFBC}") = "SortWords", "SortWords\SortWords.csproj", "{550EBFDA-3901-483C-B68F-2DCA0874732F}"
EndProject
Project("{FAE04EC0-301F-11D3-BF4B-00C04F79EFBC}") = "LongestSubsequence", "LongestSubsequence\LongestSubsequence.csproj", "{2D8BB520-6B54-4908-AA71-437DBB2EE02C}"
EndProject
Project("{FAE04EC0-301F-11D3-BF4B-00C04F79EFBC}") = "RemoveOddOccurrences", "RemoveOddOccurrences\RemoveOddOccurrences.csproj", "{F5637C4B-751C-4F94-90A8-8315344C509F}"
EndProject
Project("{FAE04EC0-301F-11D3-BF4B-00C04F79EFBC}") = "CountOfOccurrences", "CountOfOccurrences\CountOfOccurrences.csproj", "{C6EE6294-1519-4345-B426-AF51D06B7AB6}"
EndProject
Global
	GlobalSection(SolutionConfigurationPlatforms) = preSolution
		Debug|Any CPU = Debug|Any CPU
		Release|Any CPU = Release|Any CPU
	EndGlobalSection
	GlobalSection(ProjectConfigurationPlatforms) = postSolution
		{5F067F7D-16AA-449A-BA5A-DC94E1DFD86C}.Debug|Any CPU.ActiveCfg = Debug|Any CPU
		{5F067F7D-16AA-449A-BA5A-DC94E1DFD86C}.Debug|Any CPU.Build.0 = Debug|Any CPU
		{5F067F7D-16AA-449A-BA5A-DC94E1DFD86C}.Release|Any CPU.ActiveCfg = Release|Any CPU
		{5F067F7D-16AA-449A-BA5A-DC94E1DFD86C}.Release|Any CPU.Build.0 = Release|Any CPU
		{A04A8B50-6F3E-4EE2-A54C-14EFBD995655}.Debug|Any CPU.ActiveCfg = Debug|Any CPU
		{A04A8B50-6F3E-4EE2-A54C-14EFBD995655}.Debug|Any CPU.Build.0 = Debug|Any CPU
		{A04A8B50-6F3E-4EE2-A54C-14EFBD995655}.Release|Any CPU.ActiveCfg = Release|Any CPU
		{A04A8B50-6F3E-4EE2-A54C-14EFBD995655}.Release|Any CPU.Build.0 = Release|Any CPU
		{550EBFDA-3901-483C-B68F-2DCA0874732F}.Debug|Any CPU.ActiveCfg = Debug|Any CPU
		{550EBFDA-3901-483C-B68F-2DCA0874732F}.Debug|Any CPU.Build.0 = Debug|Any CPU
		{550EBFDA-3901-483C-B68F-2DCA0874732F}.Release|Any CPU.ActiveCfg = Release|Any CPU
		{550EBFDA-3901-483C-B68F-2DCA0874732F}.Release|Any CPU.Build.0 = Release|Any CPU
		{2D8BB520-6B54-4908-AA71-437DBB2EE02C}.Debug|Any CPU.ActiveCfg = Debug|Any CPU
		{2D8BB520-6B54-4908-AA71-437DBB2EE02C}.Debug|Any CPU.Build.0 = Debug|Any CPU
		{2D8BB520-6B54-4908-AA71-437DBB2EE02C}.Release|Any CPU.ActiveCfg = Release|Any CPU
		{2D8BB520-6B54-4908-AA71-437DBB2EE02C}.Release|Any CPU.Build.0 = Release|Any CPU
		{F5637C4B-751C-4F94-90A8-8315344C509F}.Debug|Any CPU.ActiveCfg = Debug|Any CPU
		{F5637C4B-751C-4F94-90A8-8315344C509F}.Debug|Any CPU.Build.0 = Debug|Any CPU
		{F5637C4B-751C-4F94-90A8-8315344C509F}.Release|Any CPU.ActiveCfg = Release|Any CPU
		{F5637C4B-751C-4F94-90A8-8315344C509F}.Release|Any CPU.Build.0 = Release|Any CPU
		{C6EE6294-1519-4345-B426-AF51D06B7AB6}.Debug|Any CPU.ActiveCfg = Debug|Any CPU
		{C6EE6294-1519-4345-B426-AF51D06B7AB6}.Debug|Any CPU.Build.0 = Debug|Any CPU
		{C6EE6294-1519-4345-B426-AF51D06B7AB6}.Release|Any CPU.ActiveCfg = Release|Any CPU
		{C6EE6294-1519-4345-B426-AF51D06B7AB6}.Release|Any CPU.Build.0 = Release|Any CPU
	EndGlobalSection
	GlobalSection(SolutionProperties) = preSolution
		HideSolutionNode = FALSE
	EndGlobalSection
	GlobalSection(ExtensibilityGlobals) = postSolution
		SolutionGuid = {82A15AEC-BF1D-4AB4-8B55-DCD677DF3F7D}
	EndGlobalSection
EndGlobal
