
Microsoft Visual Studio Solution File, Format Version 12.00
# Visual Studio 15
VisualStudioVersion = 15.0.27004.2008
MinimumVisualStudioVersion = 10.0.40219.1
Project("{9A19103F-16F7-4668-BE54-9A1E7A4F7556}") = "WebServer", "WebServer\WebServer.csproj", "{72911109-BEDB-43A3-9747-05BE33389BD1}"
EndProject
Project("{FAE04EC0-301F-11D3-BF4B-00C04F79EFBC}") = "SimpleMvc.Framework", "SimpleMvc.Framework\SimpleMvc.Framework.csproj", "{92E0DB58-52CB-4F40-B0AE-606D3B74E82F}"
EndProject
Project("{FAE04EC0-301F-11D3-BF4B-00C04F79EFBC}") = "SimpleMvc.App", "SimpleMvc.App\SimpleMvc.App.csproj", "{B8204525-207E-4121-8847-FB01674154CC}"
EndProject
Global
	GlobalSection(SolutionConfigurationPlatforms) = preSolution
		Debug|Any CPU = Debug|Any CPU
		Release|Any CPU = Release|Any CPU
	EndGlobalSection
	GlobalSection(ProjectConfigurationPlatforms) = postSolution
		{72911109-BEDB-43A3-9747-05BE33389BD1}.Debug|Any CPU.ActiveCfg = Debug|Any CPU
		{72911109-BEDB-43A3-9747-05BE33389BD1}.Debug|Any CPU.Build.0 = Debug|Any CPU
		{72911109-BEDB-43A3-9747-05BE33389BD1}.Release|Any CPU.ActiveCfg = Release|Any CPU
		{72911109-BEDB-43A3-9747-05BE33389BD1}.Release|Any CPU.Build.0 = Release|Any CPU
		{92E0DB58-52CB-4F40-B0AE-606D3B74E82F}.Debug|Any CPU.ActiveCfg = Debug|Any CPU
		{92E0DB58-52CB-4F40-B0AE-606D3B74E82F}.Debug|Any CPU.Build.0 = Debug|Any CPU
		{92E0DB58-52CB-4F40-B0AE-606D3B74E82F}.Release|Any CPU.ActiveCfg = Release|Any CPU
		{92E0DB58-52CB-4F40-B0AE-606D3B74E82F}.Release|Any CPU.Build.0 = Release|Any CPU
		{B8204525-207E-4121-8847-FB01674154CC}.Debug|Any CPU.ActiveCfg = Debug|Any CPU
		{B8204525-207E-4121-8847-FB01674154CC}.Debug|Any CPU.Build.0 = Debug|Any CPU
		{B8204525-207E-4121-8847-FB01674154CC}.Release|Any CPU.ActiveCfg = Release|Any CPU
		{B8204525-207E-4121-8847-FB01674154CC}.Release|Any CPU.Build.0 = Release|Any CPU
	EndGlobalSection
	GlobalSection(SolutionProperties) = preSolution
		HideSolutionNode = FALSE
	EndGlobalSection
	GlobalSection(ExtensibilityGlobals) = postSolution
		SolutionGuid = {3ABA898C-743A-4BCB-94FE-871C34896B4B}
	EndGlobalSection
EndGlobal
