
Microsoft Visual Studio Solution File, Format Version 12.00
# Visual Studio 15
VisualStudioVersion = 15.0.27004.2002
MinimumVisualStudioVersion = 10.0.40219.1
Project("{FAE04EC0-301F-11D3-BF4B-00C04F79EFBC}") = "Anonymous Downsite", "Anonymous Downsite\Anonymous Downsite.csproj", "{9920F333-0C16-429E-9AC7-F306C2DDA608}"
EndProject
Project("{FAE04EC0-301F-11D3-BF4B-00C04F79EFBC}") = "Anonymous Threat", "Anonymous Threat\Anonymous Threat.csproj", "{0A8F2899-B581-4B32-B466-B6D26226E816}"
EndProject
Project("{FAE04EC0-301F-11D3-BF4B-00C04F79EFBC}") = "Anonymous Vox", "Anonymous Vox\Anonymous Vox.csproj", "{565EC735-44F9-4D0A-9A6D-38305865ECE0}"
EndProject
Project("{FAE04EC0-301F-11D3-BF4B-00C04F79EFBC}") = "Anonymous Cache", "Anonymous Cache\Anonymous Cache.csproj", "{E2A10CF6-2E84-45AB-BC0F-E0EF4E02C81C}"
EndProject
Project("{FAE04EC0-301F-11D3-BF4B-00C04F79EFBC}") = "ConsoleApp2", "ConsoleApp2\ConsoleApp2.csproj", "{F28D8A65-B613-4AE1-BC50-511F46E7B74D}"
EndProject
Global
	GlobalSection(SolutionConfigurationPlatforms) = preSolution
		Debug|Any CPU = Debug|Any CPU
		Release|Any CPU = Release|Any CPU
	EndGlobalSection
	GlobalSection(ProjectConfigurationPlatforms) = postSolution
		{9920F333-0C16-429E-9AC7-F306C2DDA608}.Debug|Any CPU.ActiveCfg = Debug|Any CPU
		{9920F333-0C16-429E-9AC7-F306C2DDA608}.Debug|Any CPU.Build.0 = Debug|Any CPU
		{9920F333-0C16-429E-9AC7-F306C2DDA608}.Release|Any CPU.ActiveCfg = Release|Any CPU
		{9920F333-0C16-429E-9AC7-F306C2DDA608}.Release|Any CPU.Build.0 = Release|Any CPU
		{0A8F2899-B581-4B32-B466-B6D26226E816}.Debug|Any CPU.ActiveCfg = Debug|Any CPU
		{0A8F2899-B581-4B32-B466-B6D26226E816}.Debug|Any CPU.Build.0 = Debug|Any CPU
		{0A8F2899-B581-4B32-B466-B6D26226E816}.Release|Any CPU.ActiveCfg = Release|Any CPU
		{0A8F2899-B581-4B32-B466-B6D26226E816}.Release|Any CPU.Build.0 = Release|Any CPU
		{565EC735-44F9-4D0A-9A6D-38305865ECE0}.Debug|Any CPU.ActiveCfg = Debug|Any CPU
		{565EC735-44F9-4D0A-9A6D-38305865ECE0}.Debug|Any CPU.Build.0 = Debug|Any CPU
		{565EC735-44F9-4D0A-9A6D-38305865ECE0}.Release|Any CPU.ActiveCfg = Release|Any CPU
		{565EC735-44F9-4D0A-9A6D-38305865ECE0}.Release|Any CPU.Build.0 = Release|Any CPU
		{E2A10CF6-2E84-45AB-BC0F-E0EF4E02C81C}.Debug|Any CPU.ActiveCfg = Debug|Any CPU
		{E2A10CF6-2E84-45AB-BC0F-E0EF4E02C81C}.Debug|Any CPU.Build.0 = Debug|Any CPU
		{E2A10CF6-2E84-45AB-BC0F-E0EF4E02C81C}.Release|Any CPU.ActiveCfg = Release|Any CPU
		{E2A10CF6-2E84-45AB-BC0F-E0EF4E02C81C}.Release|Any CPU.Build.0 = Release|Any CPU
		{F28D8A65-B613-4AE1-BC50-511F46E7B74D}.Debug|Any CPU.ActiveCfg = Debug|Any CPU
		{F28D8A65-B613-4AE1-BC50-511F46E7B74D}.Debug|Any CPU.Build.0 = Debug|Any CPU
		{F28D8A65-B613-4AE1-BC50-511F46E7B74D}.Release|Any CPU.ActiveCfg = Release|Any CPU
		{F28D8A65-B613-4AE1-BC50-511F46E7B74D}.Release|Any CPU.Build.0 = Release|Any CPU
	EndGlobalSection
	GlobalSection(SolutionProperties) = preSolution
		HideSolutionNode = FALSE
	EndGlobalSection
	GlobalSection(ExtensibilityGlobals) = postSolution
		SolutionGuid = {77DE97DE-CBAB-4BEB-95BF-38317F0E74C6}
	EndGlobalSection
EndGlobal
