
Microsoft Visual Studio Solution File, Format Version 12.00
# Visual Studio 15
VisualStudioVersion = 15.0.27428.2011
MinimumVisualStudioVersion = 10.0.40219.1
Project("{9A19103F-16F7-4668-BE54-9A1E7A4F7556}") = "ImplementTrie", "ImplementTrie\ImplementTrie.csproj", "{3B502BCF-18DB-40ED-BC82-25737237878F}"
EndProject
Project("{FAE04EC0-301F-11D3-BF4B-00C04F79EFBC}") = "TextEditor", "TextEditor\TextEditor.csproj", "{DA5446C6-6949-4873-BC18-F471A309719A}"
EndProject
Global
	GlobalSection(SolutionConfigurationPlatforms) = preSolution
		Debug|Any CPU = Debug|Any CPU
		Release|Any CPU = Release|Any CPU
	EndGlobalSection
	GlobalSection(ProjectConfigurationPlatforms) = postSolution
		{3B502BCF-18DB-40ED-BC82-25737237878F}.Debug|Any CPU.ActiveCfg = Debug|Any CPU
		{3B502BCF-18DB-40ED-BC82-25737237878F}.Debug|Any CPU.Build.0 = Debug|Any CPU
		{3B502BCF-18DB-40ED-BC82-25737237878F}.Release|Any CPU.ActiveCfg = Release|Any CPU
		{3B502BCF-18DB-40ED-BC82-25737237878F}.Release|Any CPU.Build.0 = Release|Any CPU
		{DA5446C6-6949-4873-BC18-F471A309719A}.Debug|Any CPU.ActiveCfg = Debug|Any CPU
		{DA5446C6-6949-4873-BC18-F471A309719A}.Debug|Any CPU.Build.0 = Debug|Any CPU
		{DA5446C6-6949-4873-BC18-F471A309719A}.Release|Any CPU.ActiveCfg = Release|Any CPU
		{DA5446C6-6949-4873-BC18-F471A309719A}.Release|Any CPU.Build.0 = Release|Any CPU
	EndGlobalSection
	GlobalSection(SolutionProperties) = preSolution
		HideSolutionNode = FALSE
	EndGlobalSection
	GlobalSection(ExtensibilityGlobals) = postSolution
		SolutionGuid = {D4689C75-1B17-436C-9E14-AAAFC87F9274}
	EndGlobalSection
EndGlobal
