
Microsoft Visual Studio Solution File, Format Version 12.00
# Visual Studio 15
VisualStudioVersion = 15.0.27004.2002
MinimumVisualStudioVersion = 10.0.40219.1
Project("{9A19103F-16F7-4668-BE54-9A1E7A4F7556}") = "Ch01P10", "Ch01P10\Ch01P10.csproj", "{03D3E7E8-7BD8-4845-9C2D-09C4D01B75F4}"
EndProject
Project("{9A19103F-16F7-4668-BE54-9A1E7A4F7556}") = "Ch01P11", "Ch01P11\Ch01P11.csproj", "{8CB3CED5-C17B-4589-9F5F-A0C54F528F6F}"
EndProject
Project("{9A19103F-16F7-4668-BE54-9A1E7A4F7556}") = "Ch02P12", "Ch02P11\Ch02P12.csproj", "{CBC756F0-4EFD-4A9D-8B18-BE86B4E202A8}"
EndProject
Project("{9A19103F-16F7-4668-BE54-9A1E7A4F7556}") = "Ch02P13", "Ch02P13\Ch02P13.csproj", "{A7DB4B11-341F-49BA-B03A-25B46739226C}"
EndProject
Project("{9A19103F-16F7-4668-BE54-9A1E7A4F7556}") = "Ch03P10", "Ch03P10\Ch03P10.csproj", "{90E2B835-9B37-4C8F-8B31-F978D149FB4D}"
EndProject
Project("{9A19103F-16F7-4668-BE54-9A1E7A4F7556}") = "Ch04P10", "Ch04P10\Ch04P10.csproj", "{B930C162-CBBA-4D51-9053-90EDB6EEC46A}"
EndProject
Project("{9A19103F-16F7-4668-BE54-9A1E7A4F7556}") = "Ch04P12", "Ch04P12\Ch04P12.csproj", "{AC00091B-AFE0-4F58-B83C-A5C2E0FDC591}"
EndProject
Project("{9A19103F-16F7-4668-BE54-9A1E7A4F7556}") = "Ch05P10", "Ch05P10\Ch05P10.csproj", "{1ADDD02A-37AB-43C0-AE39-7AED05E76701}"
EndProject
Project("{9A19103F-16F7-4668-BE54-9A1E7A4F7556}") = "Ch05P11", "Ch05P11\Ch05P11.csproj", "{CB15A49C-7A50-4FE3-A3E0-69B071D8611A}"
EndProject
Project("{9A19103F-16F7-4668-BE54-9A1E7A4F7556}") = "Ch06P10", "Ch06P10\Ch06P10.csproj", "{EDFC0F09-3E48-45FA-BB01-65D78EACA6B5}"
EndProject
Project("{9A19103F-16F7-4668-BE54-9A1E7A4F7556}") = "Ch06P09", "Ch06P09\Ch06P09.csproj", "{E2354CD3-65BB-435F-A244-3EEE609F908C}"
EndProject
Project("{9A19103F-16F7-4668-BE54-9A1E7A4F7556}") = "Ch07P15", "Ch07P26\Ch07P15.csproj", "{540E42E0-5663-4D64-8BD3-EB375941B7E5}"
EndProject
Project("{9A19103F-16F7-4668-BE54-9A1E7A4F7556}") = "Ch07P10", "Ch07P10\Ch07P10.csproj", "{C39118B6-46D4-437A-A031-B03C082B2148}"
EndProject
Project("{9A19103F-16F7-4668-BE54-9A1E7A4F7556}") = "Ch08P11", "Ch08P11\Ch08P11.csproj", "{0BCA0709-307E-4AB8-A16D-E0096BFF8737}"
EndProject
Project("{9A19103F-16F7-4668-BE54-9A1E7A4F7556}") = "Ch08P12", "Ch08P12\Ch08P12.csproj", "{82DCB309-9441-4AE3-85C7-3599A198D5A5}"
EndProject
Project("{9A19103F-16F7-4668-BE54-9A1E7A4F7556}") = "Ch09P11", "Ch09P11\Ch09P11.csproj", "{2A8368D6-EE16-4A7A-A02C-EFC5B905759B}"
EndProject
Project("{9A19103F-16F7-4668-BE54-9A1E7A4F7556}") = "Ch09P13", "Ch09P13\Ch09P13.csproj", "{4C027AC6-EBD8-45A1-B574-AEEEF6D8E805}"
EndProject
Project("{9A19103F-16F7-4668-BE54-9A1E7A4F7556}") = "Ch10P10", "Ch10P10\Ch10P10.csproj", "{1BA1F281-3DA3-4CA8-86A5-CF5BFC87430C}"
EndProject
Project("{9A19103F-16F7-4668-BE54-9A1E7A4F7556}") = "Ch10P15", "Ch10P15\Ch10P15.csproj", "{29118483-6E2A-4116-AF5B-98FB654F6344}"
EndProject
Project("{9A19103F-16F7-4668-BE54-9A1E7A4F7556}") = "Ch11P11", "Ch11P11\Ch11P11.csproj", "{73DBC682-FFFF-46AC-96D7-7F8059D24B69}"
EndProject
Project("{9A19103F-16F7-4668-BE54-9A1E7A4F7556}") = "Ch11P09", "Ch11P09\Ch11P09.csproj", "{4DAE9751-4850-4311-B227-EA34AA46F0A0}"
EndProject
Project("{9A19103F-16F7-4668-BE54-9A1E7A4F7556}") = "Ch12P12", "Ch12P12\Ch12P12.csproj", "{5F885344-D94B-410C-9506-AC797E01FDF1}"
EndProject
Project("{9A19103F-16F7-4668-BE54-9A1E7A4F7556}") = "Ch12P13", "Ch12P13\Ch12P13.csproj", "{686845E3-BD52-4693-B432-8643B872C22E}"
EndProject
Project("{9A19103F-16F7-4668-BE54-9A1E7A4F7556}") = "Ch13P19", "Ch13P19\Ch13P19.csproj", "{10283827-CAC7-459F-A5F6-017991CD7058}"
EndProject
Project("{9A19103F-16F7-4668-BE54-9A1E7A4F7556}") = "Ch13P21", "Ch13P21\Ch13P21.csproj", "{E688FDD5-D646-4A0B-88ED-C709618B77C5}"
EndProject
Project("{9A19103F-16F7-4668-BE54-9A1E7A4F7556}") = "Ch14P20", "Ch14P20\Ch14P20.csproj", "{BB3B6D5E-648F-41B4-B886-885CA1F17584}"
EndProject
Project("{9A19103F-16F7-4668-BE54-9A1E7A4F7556}") = "Ch14P23", "Ch14P23\Ch14P23.csproj", "{0AB32E86-40DF-4DC7-9E53-F22BF9D9476C}"
EndProject
Project("{9A19103F-16F7-4668-BE54-9A1E7A4F7556}") = "Ch15P13", "Ch15P13\Ch15P13.csproj", "{34B1E262-1ECF-42E6-AE70-9E30B1B69D51}"
EndProject
Project("{9A19103F-16F7-4668-BE54-9A1E7A4F7556}") = "Ch15P03", "Ch15P03\Ch15P03.csproj", "{422F5CD7-3BFB-49B7-812C-498DFAF32B1F}"
EndProject
Project("{9A19103F-16F7-4668-BE54-9A1E7A4F7556}") = "Ch16P10", "Ch16P10\Ch16P10.csproj", "{C496BF67-7F2C-47F7-BF70-87394981FE67}"
EndProject
Project("{9A19103F-16F7-4668-BE54-9A1E7A4F7556}") = "Ch16P18", "Ch16P18\Ch16P18.csproj", "{3761F6B2-74E9-456F-A66F-80456C5DA005}"
EndProject
Project("{9A19103F-16F7-4668-BE54-9A1E7A4F7556}") = "Ch17P11", "Ch17P11\Ch17P11.csproj", "{B8C61DFB-94FF-45AA-8DC9-4826DFA50FE8}"
EndProject
Project("{9A19103F-16F7-4668-BE54-9A1E7A4F7556}") = "Ch18P01", "Ch18P01\Ch18P01.csproj", "{ACB671D3-D96D-4398-8316-A6AC9BD5D8CF}"
EndProject
Project("{9A19103F-16F7-4668-BE54-9A1E7A4F7556}") = "Ch18P02", "Ch18P02\Ch18P02.csproj", "{F7FB9003-854B-4A10-8F1E-FE1059F1AF64}"
EndProject
Project("{9A19103F-16F7-4668-BE54-9A1E7A4F7556}") = "Ch19P03", "Ch19P03\Ch19P03.csproj", "{19CACB6E-9530-4E29-8485-756B58B5F3FB}"
EndProject
Project("{9A19103F-16F7-4668-BE54-9A1E7A4F7556}") = "Ch19P08", "Ch19P08\Ch19P08.csproj", "{3609DD06-19A1-4D77-8E3F-01D53A9159CB}"
EndProject
Project("{9A19103F-16F7-4668-BE54-9A1E7A4F7556}") = "Ch21P01", "Ch21P01\Ch21P01.csproj", "{6F8B5F89-AD96-4263-B62E-7EC2F211DDBA}"
EndProject
Project("{9A19103F-16F7-4668-BE54-9A1E7A4F7556}") = "Ch22P06", "Ch22P06\Ch22P06.csproj", "{E811DDCB-A37A-4131-8326-AFEE0AC20A7A}"
EndProject
Project("{9A19103F-16F7-4668-BE54-9A1E7A4F7556}") = "Ch22P07", "Ch22P07\Ch22P07.csproj", "{E85F4A36-4ABC-4A39-8109-9CBDCF2C0D42}"
EndProject
Project("{FAE04EC0-301F-11D3-BF4B-00C04F79EFBC}") = "Ch20P06", "Ch20P02\Ch20P06.csproj", "{17DC0D47-DF07-482E-A197-80DEEB3CF625}"
EndProject
Project("{FAE04EC0-301F-11D3-BF4B-00C04F79EFBC}") = "Ch20P03", "Ch20P03\Ch20P03.csproj", "{1C816716-B245-4B5D-9285-7C7168DB8B6F}"
EndProject
Global
	GlobalSection(SolutionConfigurationPlatforms) = preSolution
		Debug|Any CPU = Debug|Any CPU
		Release|Any CPU = Release|Any CPU
	EndGlobalSection
	GlobalSection(ProjectConfigurationPlatforms) = postSolution
		{03D3E7E8-7BD8-4845-9C2D-09C4D01B75F4}.Debug|Any CPU.ActiveCfg = Debug|Any CPU
		{03D3E7E8-7BD8-4845-9C2D-09C4D01B75F4}.Debug|Any CPU.Build.0 = Debug|Any CPU
		{03D3E7E8-7BD8-4845-9C2D-09C4D01B75F4}.Release|Any CPU.ActiveCfg = Release|Any CPU
		{03D3E7E8-7BD8-4845-9C2D-09C4D01B75F4}.Release|Any CPU.Build.0 = Release|Any CPU
		{8CB3CED5-C17B-4589-9F5F-A0C54F528F6F}.Debug|Any CPU.ActiveCfg = Debug|Any CPU
		{8CB3CED5-C17B-4589-9F5F-A0C54F528F6F}.Debug|Any CPU.Build.0 = Debug|Any CPU
		{8CB3CED5-C17B-4589-9F5F-A0C54F528F6F}.Release|Any CPU.ActiveCfg = Release|Any CPU
		{8CB3CED5-C17B-4589-9F5F-A0C54F528F6F}.Release|Any CPU.Build.0 = Release|Any CPU
		{CBC756F0-4EFD-4A9D-8B18-BE86B4E202A8}.Debug|Any CPU.ActiveCfg = Debug|Any CPU
		{CBC756F0-4EFD-4A9D-8B18-BE86B4E202A8}.Debug|Any CPU.Build.0 = Debug|Any CPU
		{CBC756F0-4EFD-4A9D-8B18-BE86B4E202A8}.Release|Any CPU.ActiveCfg = Release|Any CPU
		{CBC756F0-4EFD-4A9D-8B18-BE86B4E202A8}.Release|Any CPU.Build.0 = Release|Any CPU
		{A7DB4B11-341F-49BA-B03A-25B46739226C}.Debug|Any CPU.ActiveCfg = Debug|Any CPU
		{A7DB4B11-341F-49BA-B03A-25B46739226C}.Debug|Any CPU.Build.0 = Debug|Any CPU
		{A7DB4B11-341F-49BA-B03A-25B46739226C}.Release|Any CPU.ActiveCfg = Release|Any CPU
		{A7DB4B11-341F-49BA-B03A-25B46739226C}.Release|Any CPU.Build.0 = Release|Any CPU
		{90E2B835-9B37-4C8F-8B31-F978D149FB4D}.Debug|Any CPU.ActiveCfg = Debug|Any CPU
		{90E2B835-9B37-4C8F-8B31-F978D149FB4D}.Debug|Any CPU.Build.0 = Debug|Any CPU
		{90E2B835-9B37-4C8F-8B31-F978D149FB4D}.Release|Any CPU.ActiveCfg = Release|Any CPU
		{90E2B835-9B37-4C8F-8B31-F978D149FB4D}.Release|Any CPU.Build.0 = Release|Any CPU
		{B930C162-CBBA-4D51-9053-90EDB6EEC46A}.Debug|Any CPU.ActiveCfg = Debug|Any CPU
		{B930C162-CBBA-4D51-9053-90EDB6EEC46A}.Debug|Any CPU.Build.0 = Debug|Any CPU
		{B930C162-CBBA-4D51-9053-90EDB6EEC46A}.Release|Any CPU.ActiveCfg = Release|Any CPU
		{B930C162-CBBA-4D51-9053-90EDB6EEC46A}.Release|Any CPU.Build.0 = Release|Any CPU
		{AC00091B-AFE0-4F58-B83C-A5C2E0FDC591}.Debug|Any CPU.ActiveCfg = Debug|Any CPU
		{AC00091B-AFE0-4F58-B83C-A5C2E0FDC591}.Debug|Any CPU.Build.0 = Debug|Any CPU
		{AC00091B-AFE0-4F58-B83C-A5C2E0FDC591}.Release|Any CPU.ActiveCfg = Release|Any CPU
		{AC00091B-AFE0-4F58-B83C-A5C2E0FDC591}.Release|Any CPU.Build.0 = Release|Any CPU
		{1ADDD02A-37AB-43C0-AE39-7AED05E76701}.Debug|Any CPU.ActiveCfg = Debug|Any CPU
		{1ADDD02A-37AB-43C0-AE39-7AED05E76701}.Debug|Any CPU.Build.0 = Debug|Any CPU
		{1ADDD02A-37AB-43C0-AE39-7AED05E76701}.Release|Any CPU.ActiveCfg = Release|Any CPU
		{1ADDD02A-37AB-43C0-AE39-7AED05E76701}.Release|Any CPU.Build.0 = Release|Any CPU
		{CB15A49C-7A50-4FE3-A3E0-69B071D8611A}.Debug|Any CPU.ActiveCfg = Debug|Any CPU
		{CB15A49C-7A50-4FE3-A3E0-69B071D8611A}.Debug|Any CPU.Build.0 = Debug|Any CPU
		{CB15A49C-7A50-4FE3-A3E0-69B071D8611A}.Release|Any CPU.ActiveCfg = Release|Any CPU
		{CB15A49C-7A50-4FE3-A3E0-69B071D8611A}.Release|Any CPU.Build.0 = Release|Any CPU
		{EDFC0F09-3E48-45FA-BB01-65D78EACA6B5}.Debug|Any CPU.ActiveCfg = Debug|Any CPU
		{EDFC0F09-3E48-45FA-BB01-65D78EACA6B5}.Debug|Any CPU.Build.0 = Debug|Any CPU
		{EDFC0F09-3E48-45FA-BB01-65D78EACA6B5}.Release|Any CPU.ActiveCfg = Release|Any CPU
		{EDFC0F09-3E48-45FA-BB01-65D78EACA6B5}.Release|Any CPU.Build.0 = Release|Any CPU
		{E2354CD3-65BB-435F-A244-3EEE609F908C}.Debug|Any CPU.ActiveCfg = Debug|Any CPU
		{E2354CD3-65BB-435F-A244-3EEE609F908C}.Debug|Any CPU.Build.0 = Debug|Any CPU
		{E2354CD3-65BB-435F-A244-3EEE609F908C}.Release|Any CPU.ActiveCfg = Release|Any CPU
		{E2354CD3-65BB-435F-A244-3EEE609F908C}.Release|Any CPU.Build.0 = Release|Any CPU
		{540E42E0-5663-4D64-8BD3-EB375941B7E5}.Debug|Any CPU.ActiveCfg = Debug|Any CPU
		{540E42E0-5663-4D64-8BD3-EB375941B7E5}.Debug|Any CPU.Build.0 = Debug|Any CPU
		{540E42E0-5663-4D64-8BD3-EB375941B7E5}.Release|Any CPU.ActiveCfg = Release|Any CPU
		{540E42E0-5663-4D64-8BD3-EB375941B7E5}.Release|Any CPU.Build.0 = Release|Any CPU
		{C39118B6-46D4-437A-A031-B03C082B2148}.Debug|Any CPU.ActiveCfg = Debug|Any CPU
		{C39118B6-46D4-437A-A031-B03C082B2148}.Debug|Any CPU.Build.0 = Debug|Any CPU
		{C39118B6-46D4-437A-A031-B03C082B2148}.Release|Any CPU.ActiveCfg = Release|Any CPU
		{C39118B6-46D4-437A-A031-B03C082B2148}.Release|Any CPU.Build.0 = Release|Any CPU
		{0BCA0709-307E-4AB8-A16D-E0096BFF8737}.Debug|Any CPU.ActiveCfg = Debug|Any CPU
		{0BCA0709-307E-4AB8-A16D-E0096BFF8737}.Debug|Any CPU.Build.0 = Debug|Any CPU
		{0BCA0709-307E-4AB8-A16D-E0096BFF8737}.Release|Any CPU.ActiveCfg = Release|Any CPU
		{0BCA0709-307E-4AB8-A16D-E0096BFF8737}.Release|Any CPU.Build.0 = Release|Any CPU
		{82DCB309-9441-4AE3-85C7-3599A198D5A5}.Debug|Any CPU.ActiveCfg = Debug|Any CPU
		{82DCB309-9441-4AE3-85C7-3599A198D5A5}.Debug|Any CPU.Build.0 = Debug|Any CPU
		{82DCB309-9441-4AE3-85C7-3599A198D5A5}.Release|Any CPU.ActiveCfg = Release|Any CPU
		{82DCB309-9441-4AE3-85C7-3599A198D5A5}.Release|Any CPU.Build.0 = Release|Any CPU
		{2A8368D6-EE16-4A7A-A02C-EFC5B905759B}.Debug|Any CPU.ActiveCfg = Debug|Any CPU
		{2A8368D6-EE16-4A7A-A02C-EFC5B905759B}.Debug|Any CPU.Build.0 = Debug|Any CPU
		{2A8368D6-EE16-4A7A-A02C-EFC5B905759B}.Release|Any CPU.ActiveCfg = Release|Any CPU
		{2A8368D6-EE16-4A7A-A02C-EFC5B905759B}.Release|Any CPU.Build.0 = Release|Any CPU
		{4C027AC6-EBD8-45A1-B574-AEEEF6D8E805}.Debug|Any CPU.ActiveCfg = Debug|Any CPU
		{4C027AC6-EBD8-45A1-B574-AEEEF6D8E805}.Debug|Any CPU.Build.0 = Debug|Any CPU
		{4C027AC6-EBD8-45A1-B574-AEEEF6D8E805}.Release|Any CPU.ActiveCfg = Release|Any CPU
		{4C027AC6-EBD8-45A1-B574-AEEEF6D8E805}.Release|Any CPU.Build.0 = Release|Any CPU
		{1BA1F281-3DA3-4CA8-86A5-CF5BFC87430C}.Debug|Any CPU.ActiveCfg = Debug|Any CPU
		{1BA1F281-3DA3-4CA8-86A5-CF5BFC87430C}.Debug|Any CPU.Build.0 = Debug|Any CPU
		{1BA1F281-3DA3-4CA8-86A5-CF5BFC87430C}.Release|Any CPU.ActiveCfg = Release|Any CPU
		{1BA1F281-3DA3-4CA8-86A5-CF5BFC87430C}.Release|Any CPU.Build.0 = Release|Any CPU
		{29118483-6E2A-4116-AF5B-98FB654F6344}.Debug|Any CPU.ActiveCfg = Debug|Any CPU
		{29118483-6E2A-4116-AF5B-98FB654F6344}.Debug|Any CPU.Build.0 = Debug|Any CPU
		{29118483-6E2A-4116-AF5B-98FB654F6344}.Release|Any CPU.ActiveCfg = Release|Any CPU
		{29118483-6E2A-4116-AF5B-98FB654F6344}.Release|Any CPU.Build.0 = Release|Any CPU
		{73DBC682-FFFF-46AC-96D7-7F8059D24B69}.Debug|Any CPU.ActiveCfg = Debug|Any CPU
		{73DBC682-FFFF-46AC-96D7-7F8059D24B69}.Debug|Any CPU.Build.0 = Debug|Any CPU
		{73DBC682-FFFF-46AC-96D7-7F8059D24B69}.Release|Any CPU.ActiveCfg = Release|Any CPU
		{73DBC682-FFFF-46AC-96D7-7F8059D24B69}.Release|Any CPU.Build.0 = Release|Any CPU
		{4DAE9751-4850-4311-B227-EA34AA46F0A0}.Debug|Any CPU.ActiveCfg = Debug|Any CPU
		{4DAE9751-4850-4311-B227-EA34AA46F0A0}.Debug|Any CPU.Build.0 = Debug|Any CPU
		{4DAE9751-4850-4311-B227-EA34AA46F0A0}.Release|Any CPU.ActiveCfg = Release|Any CPU
		{4DAE9751-4850-4311-B227-EA34AA46F0A0}.Release|Any CPU.Build.0 = Release|Any CPU
		{5F885344-D94B-410C-9506-AC797E01FDF1}.Debug|Any CPU.ActiveCfg = Debug|Any CPU
		{5F885344-D94B-410C-9506-AC797E01FDF1}.Debug|Any CPU.Build.0 = Debug|Any CPU
		{5F885344-D94B-410C-9506-AC797E01FDF1}.Release|Any CPU.ActiveCfg = Release|Any CPU
		{5F885344-D94B-410C-9506-AC797E01FDF1}.Release|Any CPU.Build.0 = Release|Any CPU
		{686845E3-BD52-4693-B432-8643B872C22E}.Debug|Any CPU.ActiveCfg = Debug|Any CPU
		{686845E3-BD52-4693-B432-8643B872C22E}.Debug|Any CPU.Build.0 = Debug|Any CPU
		{686845E3-BD52-4693-B432-8643B872C22E}.Release|Any CPU.ActiveCfg = Release|Any CPU
		{686845E3-BD52-4693-B432-8643B872C22E}.Release|Any CPU.Build.0 = Release|Any CPU
		{10283827-CAC7-459F-A5F6-017991CD7058}.Debug|Any CPU.ActiveCfg = Debug|Any CPU
		{10283827-CAC7-459F-A5F6-017991CD7058}.Debug|Any CPU.Build.0 = Debug|Any CPU
		{10283827-CAC7-459F-A5F6-017991CD7058}.Release|Any CPU.ActiveCfg = Release|Any CPU
		{10283827-CAC7-459F-A5F6-017991CD7058}.Release|Any CPU.Build.0 = Release|Any CPU
		{E688FDD5-D646-4A0B-88ED-C709618B77C5}.Debug|Any CPU.ActiveCfg = Debug|Any CPU
		{E688FDD5-D646-4A0B-88ED-C709618B77C5}.Debug|Any CPU.Build.0 = Debug|Any CPU
		{E688FDD5-D646-4A0B-88ED-C709618B77C5}.Release|Any CPU.ActiveCfg = Release|Any CPU
		{E688FDD5-D646-4A0B-88ED-C709618B77C5}.Release|Any CPU.Build.0 = Release|Any CPU
		{BB3B6D5E-648F-41B4-B886-885CA1F17584}.Debug|Any CPU.ActiveCfg = Debug|Any CPU
		{BB3B6D5E-648F-41B4-B886-885CA1F17584}.Debug|Any CPU.Build.0 = Debug|Any CPU
		{BB3B6D5E-648F-41B4-B886-885CA1F17584}.Release|Any CPU.ActiveCfg = Release|Any CPU
		{BB3B6D5E-648F-41B4-B886-885CA1F17584}.Release|Any CPU.Build.0 = Release|Any CPU
		{0AB32E86-40DF-4DC7-9E53-F22BF9D9476C}.Debug|Any CPU.ActiveCfg = Debug|Any CPU
		{0AB32E86-40DF-4DC7-9E53-F22BF9D9476C}.Debug|Any CPU.Build.0 = Debug|Any CPU
		{0AB32E86-40DF-4DC7-9E53-F22BF9D9476C}.Release|Any CPU.ActiveCfg = Release|Any CPU
		{0AB32E86-40DF-4DC7-9E53-F22BF9D9476C}.Release|Any CPU.Build.0 = Release|Any CPU
		{34B1E262-1ECF-42E6-AE70-9E30B1B69D51}.Debug|Any CPU.ActiveCfg = Debug|Any CPU
		{34B1E262-1ECF-42E6-AE70-9E30B1B69D51}.Debug|Any CPU.Build.0 = Debug|Any CPU
		{34B1E262-1ECF-42E6-AE70-9E30B1B69D51}.Release|Any CPU.ActiveCfg = Release|Any CPU
		{34B1E262-1ECF-42E6-AE70-9E30B1B69D51}.Release|Any CPU.Build.0 = Release|Any CPU
		{422F5CD7-3BFB-49B7-812C-498DFAF32B1F}.Debug|Any CPU.ActiveCfg = Debug|Any CPU
		{422F5CD7-3BFB-49B7-812C-498DFAF32B1F}.Debug|Any CPU.Build.0 = Debug|Any CPU
		{422F5CD7-3BFB-49B7-812C-498DFAF32B1F}.Release|Any CPU.ActiveCfg = Release|Any CPU
		{422F5CD7-3BFB-49B7-812C-498DFAF32B1F}.Release|Any CPU.Build.0 = Release|Any CPU
		{C496BF67-7F2C-47F7-BF70-87394981FE67}.Debug|Any CPU.ActiveCfg = Debug|Any CPU
		{C496BF67-7F2C-47F7-BF70-87394981FE67}.Debug|Any CPU.Build.0 = Debug|Any CPU
		{C496BF67-7F2C-47F7-BF70-87394981FE67}.Release|Any CPU.ActiveCfg = Release|Any CPU
		{C496BF67-7F2C-47F7-BF70-87394981FE67}.Release|Any CPU.Build.0 = Release|Any CPU
		{3761F6B2-74E9-456F-A66F-80456C5DA005}.Debug|Any CPU.ActiveCfg = Debug|Any CPU
		{3761F6B2-74E9-456F-A66F-80456C5DA005}.Debug|Any CPU.Build.0 = Debug|Any CPU
		{3761F6B2-74E9-456F-A66F-80456C5DA005}.Release|Any CPU.ActiveCfg = Release|Any CPU
		{3761F6B2-74E9-456F-A66F-80456C5DA005}.Release|Any CPU.Build.0 = Release|Any CPU
		{B8C61DFB-94FF-45AA-8DC9-4826DFA50FE8}.Debug|Any CPU.ActiveCfg = Debug|Any CPU
		{B8C61DFB-94FF-45AA-8DC9-4826DFA50FE8}.Debug|Any CPU.Build.0 = Debug|Any CPU
		{B8C61DFB-94FF-45AA-8DC9-4826DFA50FE8}.Release|Any CPU.ActiveCfg = Release|Any CPU
		{B8C61DFB-94FF-45AA-8DC9-4826DFA50FE8}.Release|Any CPU.Build.0 = Release|Any CPU
		{ACB671D3-D96D-4398-8316-A6AC9BD5D8CF}.Debug|Any CPU.ActiveCfg = Debug|Any CPU
		{ACB671D3-D96D-4398-8316-A6AC9BD5D8CF}.Debug|Any CPU.Build.0 = Debug|Any CPU
		{ACB671D3-D96D-4398-8316-A6AC9BD5D8CF}.Release|Any CPU.ActiveCfg = Release|Any CPU
		{ACB671D3-D96D-4398-8316-A6AC9BD5D8CF}.Release|Any CPU.Build.0 = Release|Any CPU
		{F7FB9003-854B-4A10-8F1E-FE1059F1AF64}.Debug|Any CPU.ActiveCfg = Debug|Any CPU
		{F7FB9003-854B-4A10-8F1E-FE1059F1AF64}.Debug|Any CPU.Build.0 = Debug|Any CPU
		{F7FB9003-854B-4A10-8F1E-FE1059F1AF64}.Release|Any CPU.ActiveCfg = Release|Any CPU
		{F7FB9003-854B-4A10-8F1E-FE1059F1AF64}.Release|Any CPU.Build.0 = Release|Any CPU
		{19CACB6E-9530-4E29-8485-756B58B5F3FB}.Debug|Any CPU.ActiveCfg = Debug|Any CPU
		{19CACB6E-9530-4E29-8485-756B58B5F3FB}.Debug|Any CPU.Build.0 = Debug|Any CPU
		{19CACB6E-9530-4E29-8485-756B58B5F3FB}.Release|Any CPU.ActiveCfg = Release|Any CPU
		{19CACB6E-9530-4E29-8485-756B58B5F3FB}.Release|Any CPU.Build.0 = Release|Any CPU
		{3609DD06-19A1-4D77-8E3F-01D53A9159CB}.Debug|Any CPU.ActiveCfg = Debug|Any CPU
		{3609DD06-19A1-4D77-8E3F-01D53A9159CB}.Debug|Any CPU.Build.0 = Debug|Any CPU
		{3609DD06-19A1-4D77-8E3F-01D53A9159CB}.Release|Any CPU.ActiveCfg = Release|Any CPU
		{3609DD06-19A1-4D77-8E3F-01D53A9159CB}.Release|Any CPU.Build.0 = Release|Any CPU
		{6F8B5F89-AD96-4263-B62E-7EC2F211DDBA}.Debug|Any CPU.ActiveCfg = Debug|Any CPU
		{6F8B5F89-AD96-4263-B62E-7EC2F211DDBA}.Debug|Any CPU.Build.0 = Debug|Any CPU
		{6F8B5F89-AD96-4263-B62E-7EC2F211DDBA}.Release|Any CPU.ActiveCfg = Release|Any CPU
		{6F8B5F89-AD96-4263-B62E-7EC2F211DDBA}.Release|Any CPU.Build.0 = Release|Any CPU
		{E811DDCB-A37A-4131-8326-AFEE0AC20A7A}.Debug|Any CPU.ActiveCfg = Debug|Any CPU
		{E811DDCB-A37A-4131-8326-AFEE0AC20A7A}.Debug|Any CPU.Build.0 = Debug|Any CPU
		{E811DDCB-A37A-4131-8326-AFEE0AC20A7A}.Release|Any CPU.ActiveCfg = Release|Any CPU
		{E811DDCB-A37A-4131-8326-AFEE0AC20A7A}.Release|Any CPU.Build.0 = Release|Any CPU
		{E85F4A36-4ABC-4A39-8109-9CBDCF2C0D42}.Debug|Any CPU.ActiveCfg = Debug|Any CPU
		{E85F4A36-4ABC-4A39-8109-9CBDCF2C0D42}.Debug|Any CPU.Build.0 = Debug|Any CPU
		{E85F4A36-4ABC-4A39-8109-9CBDCF2C0D42}.Release|Any CPU.ActiveCfg = Release|Any CPU
		{E85F4A36-4ABC-4A39-8109-9CBDCF2C0D42}.Release|Any CPU.Build.0 = Release|Any CPU
		{17DC0D47-DF07-482E-A197-80DEEB3CF625}.Debug|Any CPU.ActiveCfg = Debug|Any CPU
		{17DC0D47-DF07-482E-A197-80DEEB3CF625}.Debug|Any CPU.Build.0 = Debug|Any CPU
		{17DC0D47-DF07-482E-A197-80DEEB3CF625}.Release|Any CPU.ActiveCfg = Release|Any CPU
		{17DC0D47-DF07-482E-A197-80DEEB3CF625}.Release|Any CPU.Build.0 = Release|Any CPU
		{1C816716-B245-4B5D-9285-7C7168DB8B6F}.Debug|Any CPU.ActiveCfg = Debug|Any CPU
		{1C816716-B245-4B5D-9285-7C7168DB8B6F}.Debug|Any CPU.Build.0 = Debug|Any CPU
		{1C816716-B245-4B5D-9285-7C7168DB8B6F}.Release|Any CPU.ActiveCfg = Release|Any CPU
		{1C816716-B245-4B5D-9285-7C7168DB8B6F}.Release|Any CPU.Build.0 = Release|Any CPU
	EndGlobalSection
	GlobalSection(SolutionProperties) = preSolution
		HideSolutionNode = FALSE
	EndGlobalSection
	GlobalSection(ExtensibilityGlobals) = postSolution
		SolutionGuid = {356E25F5-0DFB-4399-A045-16C8041CF643}
	EndGlobalSection
EndGlobal
