
Microsoft Visual Studio Solution File, Format Version 12.00
# Visual Studio 15
VisualStudioVersion = 15.0.27004.2008
MinimumVisualStudioVersion = 10.0.40219.1
Project("{FAE04EC0-301F-11D3-BF4B-00C04F79EFBC}") = "ProductsShop.Models", "ProductsShop.Models\ProductsShop.Models.csproj", "{DB8A26AE-A33C-48E7-A9FA-B7DD45484960}"
EndProject
Project("{FAE04EC0-301F-11D3-BF4B-00C04F79EFBC}") = "ProductsShop.Data", "ProductsShop.Data\ProductsShop.Data.csproj", "{F163FBBA-AF4A-440F-9D07-33AB1694335E}"
EndProject
Project("{FAE04EC0-301F-11D3-BF4B-00C04F79EFBC}") = "ProductsShop.App", "ProductsShop.App\ProductsShop.App.csproj", "{3AC45682-8580-439C-9086-CF3447D30B29}"
EndProject
Global
	GlobalSection(SolutionConfigurationPlatforms) = preSolution
		Debug|Any CPU = Debug|Any CPU
		Release|Any CPU = Release|Any CPU
	EndGlobalSection
	GlobalSection(ProjectConfigurationPlatforms) = postSolution
		{DB8A26AE-A33C-48E7-A9FA-B7DD45484960}.Debug|Any CPU.ActiveCfg = Debug|Any CPU
		{DB8A26AE-A33C-48E7-A9FA-B7DD45484960}.Debug|Any CPU.Build.0 = Debug|Any CPU
		{DB8A26AE-A33C-48E7-A9FA-B7DD45484960}.Release|Any CPU.ActiveCfg = Release|Any CPU
		{DB8A26AE-A33C-48E7-A9FA-B7DD45484960}.Release|Any CPU.Build.0 = Release|Any CPU
		{F163FBBA-AF4A-440F-9D07-33AB1694335E}.Debug|Any CPU.ActiveCfg = Debug|Any CPU
		{F163FBBA-AF4A-440F-9D07-33AB1694335E}.Debug|Any CPU.Build.0 = Debug|Any CPU
		{F163FBBA-AF4A-440F-9D07-33AB1694335E}.Release|Any CPU.ActiveCfg = Release|Any CPU
		{F163FBBA-AF4A-440F-9D07-33AB1694335E}.Release|Any CPU.Build.0 = Release|Any CPU
		{3AC45682-8580-439C-9086-CF3447D30B29}.Debug|Any CPU.ActiveCfg = Debug|Any CPU
		{3AC45682-8580-439C-9086-CF3447D30B29}.Debug|Any CPU.Build.0 = Debug|Any CPU
		{3AC45682-8580-439C-9086-CF3447D30B29}.Release|Any CPU.ActiveCfg = Release|Any CPU
		{3AC45682-8580-439C-9086-CF3447D30B29}.Release|Any CPU.Build.0 = Release|Any CPU
	EndGlobalSection
	GlobalSection(SolutionProperties) = preSolution
		HideSolutionNode = FALSE
	EndGlobalSection
	GlobalSection(ExtensibilityGlobals) = postSolution
		SolutionGuid = {C5803316-CB17-40ED-9B96-18DEE7C619BD}
	EndGlobalSection
EndGlobal
