
Microsoft Visual Studio Solution File, Format Version 12.00
# Visual Studio 14
VisualStudioVersion = 14.0.25420.1
MinimumVisualStudioVersion = 10.0.40219.1
Project("{FAE04EC0-301F-11D3-BF4B-00C04F79EFBC}") = "Sort Persons by Name and Age", "Sort Persons by Name and Age\Sort Persons by Name and Age.csproj", "{4D8379E9-56A9-4902-B6CA-ABFC81357912}"
EndProject
Project("{FAE04EC0-301F-11D3-BF4B-00C04F79EFBC}") = "Salary Increase", "Salary Increase\Salary Increase.csproj", "{562A1D5A-AA82-479F-8767-A9DE21F06360}"
EndProject
Project("{FAE04EC0-301F-11D3-BF4B-00C04F79EFBC}") = "Validation Data", "Validation Data\Validation Data.csproj", "{6041A5C8-5E7B-4340-A90C-5C7A99DE96CE}"
EndProject
Project("{FAE04EC0-301F-11D3-BF4B-00C04F79EFBC}") = "First and Reserve Team", "First and Reserve Team\First and Reserve Team.csproj", "{036C1B30-38C6-4E60-89C8-16AFFF7C60D6}"
EndProject
Global
	GlobalSection(SolutionConfigurationPlatforms) = preSolution
		Debug|Any CPU = Debug|Any CPU
		Release|Any CPU = Release|Any CPU
	EndGlobalSection
	GlobalSection(ProjectConfigurationPlatforms) = postSolution
		{4D8379E9-56A9-4902-B6CA-ABFC81357912}.Debug|Any CPU.ActiveCfg = Debug|Any CPU
		{4D8379E9-56A9-4902-B6CA-ABFC81357912}.Debug|Any CPU.Build.0 = Debug|Any CPU
		{4D8379E9-56A9-4902-B6CA-ABFC81357912}.Release|Any CPU.ActiveCfg = Release|Any CPU
		{4D8379E9-56A9-4902-B6CA-ABFC81357912}.Release|Any CPU.Build.0 = Release|Any CPU
		{562A1D5A-AA82-479F-8767-A9DE21F06360}.Debug|Any CPU.ActiveCfg = Debug|Any CPU
		{562A1D5A-AA82-479F-8767-A9DE21F06360}.Debug|Any CPU.Build.0 = Debug|Any CPU
		{562A1D5A-AA82-479F-8767-A9DE21F06360}.Release|Any CPU.ActiveCfg = Release|Any CPU
		{562A1D5A-AA82-479F-8767-A9DE21F06360}.Release|Any CPU.Build.0 = Release|Any CPU
		{6041A5C8-5E7B-4340-A90C-5C7A99DE96CE}.Debug|Any CPU.ActiveCfg = Debug|Any CPU
		{6041A5C8-5E7B-4340-A90C-5C7A99DE96CE}.Debug|Any CPU.Build.0 = Debug|Any CPU
		{6041A5C8-5E7B-4340-A90C-5C7A99DE96CE}.Release|Any CPU.ActiveCfg = Release|Any CPU
		{6041A5C8-5E7B-4340-A90C-5C7A99DE96CE}.Release|Any CPU.Build.0 = Release|Any CPU
		{036C1B30-38C6-4E60-89C8-16AFFF7C60D6}.Debug|Any CPU.ActiveCfg = Debug|Any CPU
		{036C1B30-38C6-4E60-89C8-16AFFF7C60D6}.Debug|Any CPU.Build.0 = Debug|Any CPU
		{036C1B30-38C6-4E60-89C8-16AFFF7C60D6}.Release|Any CPU.ActiveCfg = Release|Any CPU
		{036C1B30-38C6-4E60-89C8-16AFFF7C60D6}.Release|Any CPU.Build.0 = Release|Any CPU
	EndGlobalSection
	GlobalSection(SolutionProperties) = preSolution
		HideSolutionNode = FALSE
	EndGlobalSection
EndGlobal
